
Microsoft Visual Studio Solution File, Format Version 12.00
# Visual Studio 15
VisualStudioVersion = 15.0.26403.7
MinimumVisualStudioVersion = 10.0.40219.1
Project("{FAE04EC0-301F-11D3-BF4B-00C04F79EFBC}") = "CloudPayments.Cash", "CloudPayments.Cash\CloudPayments.Cash.csproj", "{84E2952E-65AD-4522-8134-E394F610DECD}"
EndProject
Project("{FAE04EC0-301F-11D3-BF4B-00C04F79EFBC}") = "CloudPayments.Cash.Tests", "CloudPayments.Cash.Tests\CloudPayments.Cash.Tests.csproj", "{8D0A1A74-C72B-4376-B61F-6F4DF7B6283D}"
EndProject
Global
	GlobalSection(SolutionConfigurationPlatforms) = preSolution
		Debug|Any CPU = Debug|Any CPU
		Release|Any CPU = Release|Any CPU
	EndGlobalSection
	GlobalSection(ProjectConfigurationPlatforms) = postSolution
		{84E2952E-65AD-4522-8134-E394F610DECD}.Debug|Any CPU.ActiveCfg = Debug|Any CPU
		{84E2952E-65AD-4522-8134-E394F610DECD}.Debug|Any CPU.Build.0 = Debug|Any CPU
		{84E2952E-65AD-4522-8134-E394F610DECD}.Release|Any CPU.ActiveCfg = Release|Any CPU
		{84E2952E-65AD-4522-8134-E394F610DECD}.Release|Any CPU.Build.0 = Release|Any CPU
		{8D0A1A74-C72B-4376-B61F-6F4DF7B6283D}.Debug|Any CPU.ActiveCfg = Debug|Any CPU
		{8D0A1A74-C72B-4376-B61F-6F4DF7B6283D}.Debug|Any CPU.Build.0 = Debug|Any CPU
		{8D0A1A74-C72B-4376-B61F-6F4DF7B6283D}.Release|Any CPU.ActiveCfg = Release|Any CPU
		{8D0A1A74-C72B-4376-B61F-6F4DF7B6283D}.Release|Any CPU.Build.0 = Release|Any CPU
	EndGlobalSection
	GlobalSection(SolutionProperties) = preSolution
		HideSolutionNode = FALSE
	EndGlobalSection
EndGlobal
